
Microsoft Visual Studio Solution File, Format Version 12.00
# Visual Studio 15
VisualStudioVersion = 15.0.26124.0
MinimumVisualStudioVersion = 15.0.26124.0
Project("{FAE04EC0-301F-11D3-BF4B-00C04F79EFBC}") = "DesktopDll", "DesktopDll\DesktopDll.csproj", "{491E0C5E-F93E-43A9-AAB2-DFF92A703A19}"
EndProject
Project("{FAE04EC0-301F-11D3-BF4B-00C04F79EFBC}") = "RectUI.JSON", "RectUI.JSON\RectUI.JSON.csproj", "{6F73608A-414A-4E47-B71A-C47692BF225B}"
EndProject
Project("{FAE04EC0-301F-11D3-BF4B-00C04F79EFBC}") = "RectUI.GltfFormat", "RectUI.GltfFormat\RectUI.GltfFormat.csproj", "{F1A645D6-D24B-4F20-A03E-C08D58FFB9F6}"
EndProject
Project("{FAE04EC0-301F-11D3-BF4B-00C04F79EFBC}") = "RectUI", "RectUI\RectUI.csproj", "{9169152A-8925-4211-9D44-15D8B54E2A00}"
EndProject
Project("{FAE04EC0-301F-11D3-BF4B-00C04F79EFBC}") = "RectUISample", "RectUISample\RectUISample.csproj", "{7435B4F7-621C-491D-9D43-EE8BAED6E8E3}"
EndProject
Project("{FAE04EC0-301F-11D3-BF4B-00C04F79EFBC}") = "RectUIGLTFSample", "RectUIGLTFSample\RectUIGLTFSample.csproj", "{E365550D-781C-4BE7-A248-8E1D7B5EE6D0}"
EndProject
Project("{FAE04EC0-301F-11D3-BF4B-00C04F79EFBC}") = "RectUITextSample", "RectUITextSample\RectUITextSample.csproj", "{11D96E21-39C2-4691-B4FA-FC4722093AAB}"
EndProject
Global
	GlobalSection(SolutionConfigurationPlatforms) = preSolution
		Debug|Any CPU = Debug|Any CPU
		Debug|x64 = Debug|x64
		Debug|x86 = Debug|x86
		Release|Any CPU = Release|Any CPU
		Release|x64 = Release|x64
		Release|x86 = Release|x86
	EndGlobalSection
	GlobalSection(SolutionProperties) = preSolution
		HideSolutionNode = FALSE
	EndGlobalSection
	GlobalSection(ProjectConfigurationPlatforms) = postSolution
		{491E0C5E-F93E-43A9-AAB2-DFF92A703A19}.Debug|Any CPU.ActiveCfg = Debug|Any CPU
		{491E0C5E-F93E-43A9-AAB2-DFF92A703A19}.Debug|Any CPU.Build.0 = Debug|Any CPU
		{491E0C5E-F93E-43A9-AAB2-DFF92A703A19}.Debug|x64.ActiveCfg = Debug|Any CPU
		{491E0C5E-F93E-43A9-AAB2-DFF92A703A19}.Debug|x64.Build.0 = Debug|Any CPU
		{491E0C5E-F93E-43A9-AAB2-DFF92A703A19}.Debug|x86.ActiveCfg = Debug|Any CPU
		{491E0C5E-F93E-43A9-AAB2-DFF92A703A19}.Debug|x86.Build.0 = Debug|Any CPU
		{491E0C5E-F93E-43A9-AAB2-DFF92A703A19}.Release|Any CPU.ActiveCfg = Release|Any CPU
		{491E0C5E-F93E-43A9-AAB2-DFF92A703A19}.Release|Any CPU.Build.0 = Release|Any CPU
		{491E0C5E-F93E-43A9-AAB2-DFF92A703A19}.Release|x64.ActiveCfg = Release|Any CPU
		{491E0C5E-F93E-43A9-AAB2-DFF92A703A19}.Release|x64.Build.0 = Release|Any CPU
		{491E0C5E-F93E-43A9-AAB2-DFF92A703A19}.Release|x86.ActiveCfg = Release|Any CPU
		{491E0C5E-F93E-43A9-AAB2-DFF92A703A19}.Release|x86.Build.0 = Release|Any CPU
		{6F73608A-414A-4E47-B71A-C47692BF225B}.Debug|Any CPU.ActiveCfg = Debug|Any CPU
		{6F73608A-414A-4E47-B71A-C47692BF225B}.Debug|Any CPU.Build.0 = Debug|Any CPU
		{6F73608A-414A-4E47-B71A-C47692BF225B}.Debug|x64.ActiveCfg = Debug|Any CPU
		{6F73608A-414A-4E47-B71A-C47692BF225B}.Debug|x64.Build.0 = Debug|Any CPU
		{6F73608A-414A-4E47-B71A-C47692BF225B}.Debug|x86.ActiveCfg = Debug|Any CPU
		{6F73608A-414A-4E47-B71A-C47692BF225B}.Debug|x86.Build.0 = Debug|Any CPU
		{6F73608A-414A-4E47-B71A-C47692BF225B}.Release|Any CPU.ActiveCfg = Release|Any CPU
		{6F73608A-414A-4E47-B71A-C47692BF225B}.Release|Any CPU.Build.0 = Release|Any CPU
		{6F73608A-414A-4E47-B71A-C47692BF225B}.Release|x64.ActiveCfg = Release|Any CPU
		{6F73608A-414A-4E47-B71A-C47692BF225B}.Release|x64.Build.0 = Release|Any CPU
		{6F73608A-414A-4E47-B71A-C47692BF225B}.Release|x86.ActiveCfg = Release|Any CPU
		{6F73608A-414A-4E47-B71A-C47692BF225B}.Release|x86.Build.0 = Release|Any CPU
		{F1A645D6-D24B-4F20-A03E-C08D58FFB9F6}.Debug|Any CPU.ActiveCfg = Debug|Any CPU
		{F1A645D6-D24B-4F20-A03E-C08D58FFB9F6}.Debug|Any CPU.Build.0 = Debug|Any CPU
		{F1A645D6-D24B-4F20-A03E-C08D58FFB9F6}.Debug|x64.ActiveCfg = Debug|Any CPU
		{F1A645D6-D24B-4F20-A03E-C08D58FFB9F6}.Debug|x64.Build.0 = Debug|Any CPU
		{F1A645D6-D24B-4F20-A03E-C08D58FFB9F6}.Debug|x86.ActiveCfg = Debug|Any CPU
		{F1A645D6-D24B-4F20-A03E-C08D58FFB9F6}.Debug|x86.Build.0 = Debug|Any CPU
		{F1A645D6-D24B-4F20-A03E-C08D58FFB9F6}.Release|Any CPU.ActiveCfg = Release|Any CPU
		{F1A645D6-D24B-4F20-A03E-C08D58FFB9F6}.Release|Any CPU.Build.0 = Release|Any CPU
		{F1A645D6-D24B-4F20-A03E-C08D58FFB9F6}.Release|x64.ActiveCfg = Release|Any CPU
		{F1A645D6-D24B-4F20-A03E-C08D58FFB9F6}.Release|x64.Build.0 = Release|Any CPU
		{F1A645D6-D24B-4F20-A03E-C08D58FFB9F6}.Release|x86.ActiveCfg = Release|Any CPU
		{F1A645D6-D24B-4F20-A03E-C08D58FFB9F6}.Release|x86.Build.0 = Release|Any CPU
		{9169152A-8925-4211-9D44-15D8B54E2A00}.Debug|Any CPU.ActiveCfg = Debug|Any CPU
		{9169152A-8925-4211-9D44-15D8B54E2A00}.Debug|Any CPU.Build.0 = Debug|Any CPU
		{9169152A-8925-4211-9D44-15D8B54E2A00}.Debug|x64.ActiveCfg = Debug|Any CPU
		{9169152A-8925-4211-9D44-15D8B54E2A00}.Debug|x64.Build.0 = Debug|Any CPU
		{9169152A-8925-4211-9D44-15D8B54E2A00}.Debug|x86.ActiveCfg = Debug|Any CPU
		{9169152A-8925-4211-9D44-15D8B54E2A00}.Debug|x86.Build.0 = Debug|Any CPU
		{9169152A-8925-4211-9D44-15D8B54E2A00}.Release|Any CPU.ActiveCfg = Release|Any CPU
		{9169152A-8925-4211-9D44-15D8B54E2A00}.Release|Any CPU.Build.0 = Release|Any CPU
		{9169152A-8925-4211-9D44-15D8B54E2A00}.Release|x64.ActiveCfg = Release|Any CPU
		{9169152A-8925-4211-9D44-15D8B54E2A00}.Release|x64.Build.0 = Release|Any CPU
		{9169152A-8925-4211-9D44-15D8B54E2A00}.Release|x86.ActiveCfg = Release|Any CPU
		{9169152A-8925-4211-9D44-15D8B54E2A00}.Release|x86.Build.0 = Release|Any CPU
		{7435B4F7-621C-491D-9D43-EE8BAED6E8E3}.Debug|Any CPU.ActiveCfg = Debug|Any CPU
		{7435B4F7-621C-491D-9D43-EE8BAED6E8E3}.Debug|Any CPU.Build.0 = Debug|Any CPU
		{7435B4F7-621C-491D-9D43-EE8BAED6E8E3}.Debug|x64.ActiveCfg = Debug|Any CPU
		{7435B4F7-621C-491D-9D43-EE8BAED6E8E3}.Debug|x64.Build.0 = Debug|Any CPU
		{7435B4F7-621C-491D-9D43-EE8BAED6E8E3}.Debug|x86.ActiveCfg = Debug|Any CPU
		{7435B4F7-621C-491D-9D43-EE8BAED6E8E3}.Debug|x86.Build.0 = Debug|Any CPU
		{7435B4F7-621C-491D-9D43-EE8BAED6E8E3}.Release|Any CPU.ActiveCfg = Release|Any CPU
		{7435B4F7-621C-491D-9D43-EE8BAED6E8E3}.Release|Any CPU.Build.0 = Release|Any CPU
		{7435B4F7-621C-491D-9D43-EE8BAED6E8E3}.Release|x64.ActiveCfg = Release|Any CPU
		{7435B4F7-621C-491D-9D43-EE8BAED6E8E3}.Release|x64.Build.0 = Release|Any CPU
		{7435B4F7-621C-491D-9D43-EE8BAED6E8E3}.Release|x86.ActiveCfg = Release|Any CPU
		{7435B4F7-621C-491D-9D43-EE8BAED6E8E3}.Release|x86.Build.0 = Release|Any CPU
		{E365550D-781C-4BE7-A248-8E1D7B5EE6D0}.Debug|Any CPU.ActiveCfg = Debug|Any CPU
		{E365550D-781C-4BE7-A248-8E1D7B5EE6D0}.Debug|Any CPU.Build.0 = Debug|Any CPU
		{E365550D-781C-4BE7-A248-8E1D7B5EE6D0}.Debug|x64.ActiveCfg = Debug|Any CPU
		{E365550D-781C-4BE7-A248-8E1D7B5EE6D0}.Debug|x64.Build.0 = Debug|Any CPU
		{E365550D-781C-4BE7-A248-8E1D7B5EE6D0}.Debug|x86.ActiveCfg = Debug|Any CPU
		{E365550D-781C-4BE7-A248-8E1D7B5EE6D0}.Debug|x86.Build.0 = Debug|Any CPU
		{E365550D-781C-4BE7-A248-8E1D7B5EE6D0}.Release|Any CPU.ActiveCfg = Release|Any CPU
		{E365550D-781C-4BE7-A248-8E1D7B5EE6D0}.Release|Any CPU.Build.0 = Release|Any CPU
		{E365550D-781C-4BE7-A248-8E1D7B5EE6D0}.Release|x64.ActiveCfg = Release|Any CPU
		{E365550D-781C-4BE7-A248-8E1D7B5EE6D0}.Release|x64.Build.0 = Release|Any CPU
		{E365550D-781C-4BE7-A248-8E1D7B5EE6D0}.Release|x86.ActiveCfg = Release|Any CPU
		{E365550D-781C-4BE7-A248-8E1D7B5EE6D0}.Release|x86.Build.0 = Release|Any CPU
		{11D96E21-39C2-4691-B4FA-FC4722093AAB}.Debug|Any CPU.ActiveCfg = Debug|Any CPU
		{11D96E21-39C2-4691-B4FA-FC4722093AAB}.Debug|Any CPU.Build.0 = Debug|Any CPU
		{11D96E21-39C2-4691-B4FA-FC4722093AAB}.Debug|x64.ActiveCfg = Debug|Any CPU
		{11D96E21-39C2-4691-B4FA-FC4722093AAB}.Debug|x64.Build.0 = Debug|Any CPU
		{11D96E21-39C2-4691-B4FA-FC4722093AAB}.Debug|x86.ActiveCfg = Debug|Any CPU
		{11D96E21-39C2-4691-B4FA-FC4722093AAB}.Debug|x86.Build.0 = Debug|Any CPU
		{11D96E21-39C2-4691-B4FA-FC4722093AAB}.Release|Any CPU.ActiveCfg = Release|Any CPU
		{11D96E21-39C2-4691-B4FA-FC4722093AAB}.Release|Any CPU.Build.0 = Release|Any CPU
		{11D96E21-39C2-4691-B4FA-FC4722093AAB}.Release|x64.ActiveCfg = Release|Any CPU
		{11D96E21-39C2-4691-B4FA-FC4722093AAB}.Release|x64.Build.0 = Release|Any CPU
		{11D96E21-39C2-4691-B4FA-FC4722093AAB}.Release|x86.ActiveCfg = Release|Any CPU
		{11D96E21-39C2-4691-B4FA-FC4722093AAB}.Release|x86.Build.0 = Release|Any CPU
	EndGlobalSection
EndGlobal
